
Microsoft Visual Studio Solution File, Format Version 12.00
# Visual Studio Version 16
VisualStudioVersion = 16.0.30523.141
MinimumVisualStudioVersion = 15.0.26124.0
Project("{9A19103F-16F7-4668-BE54-9A1E7A4F7556}") = "Amusoft.PCR.Server", "Amusoft.PCR.Server\Amusoft.PCR.Server.csproj", "{0C77C2C2-0FA4-4881-B5DC-A01EC835A0B8}"
EndProject
Project("{9A19103F-16F7-4668-BE54-9A1E7A4F7556}") = "Amusoft.PCR.Model", "Amusoft.PCR.Model\Amusoft.PCR.Model.csproj", "{2B59FE98-BA07-4E37-BC03-8205E6D12783}"
EndProject
Project("{9A19103F-16F7-4668-BE54-9A1E7A4F7556}") = "Amusoft.PCR.Blazor", "Amusoft.PCR.Blazor\Amusoft.PCR.Blazor.csproj", "{B9DA748D-E1CA-4D21-93FB-F32FDC493007}"
EndProject
Project("{9A19103F-16F7-4668-BE54-9A1E7A4F7556}") = "Amusoft.PCR.Integration.WindowsDesktop", "Amusoft.PCR.Integration.WindowsDesktop\Amusoft.PCR.Integration.WindowsDesktop.csproj", "{8ACB0CA6-87FA-47CD-A503-4E53DB8FE48B}"
EndProject
Project("{9A19103F-16F7-4668-BE54-9A1E7A4F7556}") = "Amusoft.PCR.Grpc.Common", "Amusoft.PCR.Grpc.Common\Amusoft.PCR.Grpc.Common.csproj", "{EBF797BF-5AAA-4741-8B31-54D3B74811BC}"
EndProject
Project("{2150E333-8FDC-42A3-9474-1A3956D46DE8}") = "deploymentScripts", "deploymentScripts", "{DD935416-C8CA-41E9-A95F-6ED449B5198A}"
	ProjectSection(SolutionItems) = preProject
		..\deploy\buildAndCopy.ps1 = ..\deploy\buildAndCopy.ps1
		..\deploy\createSelfSignedCertificate.ps1 = ..\deploy\createSelfSignedCertificate.ps1
		..\deploy\installService.ps1 = ..\deploy\installService.ps1
	EndProjectSection
EndProject
Project("{9A19103F-16F7-4668-BE54-9A1E7A4F7556}") = "Amusoft.Toolkit.Impersonation", "Amusoft.Toolkit.Impersonation\Amusoft.Toolkit.Impersonation.csproj", "{FE76750C-4A2A-44BE-9C10-2AB952B543A4}"
EndProject
Project("{9A19103F-16F7-4668-BE54-9A1E7A4F7556}") = "Amusoft.Toolkit.UI", "Amusoft.Toolkit.UI\Amusoft.Toolkit.UI.csproj", "{45728065-D70D-4400-947C-A69171652ED9}"
EndProject
Project("{FAE04EC0-301F-11D3-BF4B-00C04F79EFBC}") = "Amusoft.PCR.Mobile.Droid", "Amusoft.PCR.Mobile.Droid\Amusoft.PCR.Mobile.Droid.csproj", "{AA70AE06-FF80-4B60-A36B-20BB04238121}"
EndProject
Project("{2150E333-8FDC-42A3-9474-1A3956D46DE8}") = "applications", "applications", "{610C5EC5-598B-47FB-AE5B-46CC0119A84E}"
EndProject
Project("{2150E333-8FDC-42A3-9474-1A3956D46DE8}") = "toolkits", "toolkits", "{51C2B24A-E3C6-412C-8B6C-AEE39C496BA7}"
EndProject
Project("{2150E333-8FDC-42A3-9474-1A3956D46DE8}") = "libraries", "libraries", "{199D4AAE-1BA6-4652-83C2-D9C44F2D6118}"
EndProject
Project("{9A19103F-16F7-4668-BE54-9A1E7A4F7556}") = "Amusoft.PCR.Grpc.Client", "Amusoft.PCR.Grpc.Client\Amusoft.PCR.Grpc.Client.csproj", "{76D7ED59-4C31-4CDA-955E-4E14770F2B27}"
EndProject
Project("{FAE04EC0-301F-11D3-BF4B-00C04F79EFBC}") = "Amusoft.PCR.App.Console", "Amusoft.PCR.App.Console\Amusoft.PCR.App.Console.csproj", "{7AA0DC77-3F0B-48F3-8EEB-F059BC884AD5}"
EndProject
Global
	GlobalSection(SolutionConfigurationPlatforms) = preSolution
		Debug|Any CPU = Debug|Any CPU
		Debug|iPhone = Debug|iPhone
		Debug|iPhoneSimulator = Debug|iPhoneSimulator
		Debug|x64 = Debug|x64
		Debug|x86 = Debug|x86
		Release|Any CPU = Release|Any CPU
		Release|iPhone = Release|iPhone
		Release|iPhoneSimulator = Release|iPhoneSimulator
		Release|x64 = Release|x64
		Release|x86 = Release|x86
	EndGlobalSection
	GlobalSection(ProjectConfigurationPlatforms) = postSolution
		{0C77C2C2-0FA4-4881-B5DC-A01EC835A0B8}.Debug|Any CPU.ActiveCfg = Debug|Any CPU
		{0C77C2C2-0FA4-4881-B5DC-A01EC835A0B8}.Debug|Any CPU.Build.0 = Debug|Any CPU
		{0C77C2C2-0FA4-4881-B5DC-A01EC835A0B8}.Debug|iPhone.ActiveCfg = Debug|Any CPU
		{0C77C2C2-0FA4-4881-B5DC-A01EC835A0B8}.Debug|iPhone.Build.0 = Debug|Any CPU
		{0C77C2C2-0FA4-4881-B5DC-A01EC835A0B8}.Debug|iPhoneSimulator.ActiveCfg = Debug|Any CPU
		{0C77C2C2-0FA4-4881-B5DC-A01EC835A0B8}.Debug|iPhoneSimulator.Build.0 = Debug|Any CPU
		{0C77C2C2-0FA4-4881-B5DC-A01EC835A0B8}.Debug|x64.ActiveCfg = Debug|Any CPU
		{0C77C2C2-0FA4-4881-B5DC-A01EC835A0B8}.Debug|x64.Build.0 = Debug|Any CPU
		{0C77C2C2-0FA4-4881-B5DC-A01EC835A0B8}.Debug|x86.ActiveCfg = Debug|Any CPU
		{0C77C2C2-0FA4-4881-B5DC-A01EC835A0B8}.Debug|x86.Build.0 = Debug|Any CPU
		{0C77C2C2-0FA4-4881-B5DC-A01EC835A0B8}.Release|Any CPU.ActiveCfg = Release|Any CPU
		{0C77C2C2-0FA4-4881-B5DC-A01EC835A0B8}.Release|Any CPU.Build.0 = Release|Any CPU
		{0C77C2C2-0FA4-4881-B5DC-A01EC835A0B8}.Release|iPhone.ActiveCfg = Release|Any CPU
		{0C77C2C2-0FA4-4881-B5DC-A01EC835A0B8}.Release|iPhone.Build.0 = Release|Any CPU
		{0C77C2C2-0FA4-4881-B5DC-A01EC835A0B8}.Release|iPhoneSimulator.ActiveCfg = Release|Any CPU
		{0C77C2C2-0FA4-4881-B5DC-A01EC835A0B8}.Release|iPhoneSimulator.Build.0 = Release|Any CPU
		{0C77C2C2-0FA4-4881-B5DC-A01EC835A0B8}.Release|x64.ActiveCfg = Release|Any CPU
		{0C77C2C2-0FA4-4881-B5DC-A01EC835A0B8}.Release|x64.Build.0 = Release|Any CPU
		{0C77C2C2-0FA4-4881-B5DC-A01EC835A0B8}.Release|x86.ActiveCfg = Release|Any CPU
		{0C77C2C2-0FA4-4881-B5DC-A01EC835A0B8}.Release|x86.Build.0 = Release|Any CPU
		{2B59FE98-BA07-4E37-BC03-8205E6D12783}.Debug|Any CPU.ActiveCfg = Debug|Any CPU
		{2B59FE98-BA07-4E37-BC03-8205E6D12783}.Debug|Any CPU.Build.0 = Debug|Any CPU
		{2B59FE98-BA07-4E37-BC03-8205E6D12783}.Debug|iPhone.ActiveCfg = Debug|Any CPU
		{2B59FE98-BA07-4E37-BC03-8205E6D12783}.Debug|iPhone.Build.0 = Debug|Any CPU
		{2B59FE98-BA07-4E37-BC03-8205E6D12783}.Debug|iPhoneSimulator.ActiveCfg = Debug|Any CPU
		{2B59FE98-BA07-4E37-BC03-8205E6D12783}.Debug|iPhoneSimulator.Build.0 = Debug|Any CPU
		{2B59FE98-BA07-4E37-BC03-8205E6D12783}.Debug|x64.ActiveCfg = Debug|Any CPU
		{2B59FE98-BA07-4E37-BC03-8205E6D12783}.Debug|x64.Build.0 = Debug|Any CPU
		{2B59FE98-BA07-4E37-BC03-8205E6D12783}.Debug|x86.ActiveCfg = Debug|Any CPU
		{2B59FE98-BA07-4E37-BC03-8205E6D12783}.Debug|x86.Build.0 = Debug|Any CPU
		{2B59FE98-BA07-4E37-BC03-8205E6D12783}.Release|Any CPU.ActiveCfg = Release|Any CPU
		{2B59FE98-BA07-4E37-BC03-8205E6D12783}.Release|Any CPU.Build.0 = Release|Any CPU
		{2B59FE98-BA07-4E37-BC03-8205E6D12783}.Release|iPhone.ActiveCfg = Release|Any CPU
		{2B59FE98-BA07-4E37-BC03-8205E6D12783}.Release|iPhone.Build.0 = Release|Any CPU
		{2B59FE98-BA07-4E37-BC03-8205E6D12783}.Release|iPhoneSimulator.ActiveCfg = Release|Any CPU
		{2B59FE98-BA07-4E37-BC03-8205E6D12783}.Release|iPhoneSimulator.Build.0 = Release|Any CPU
		{2B59FE98-BA07-4E37-BC03-8205E6D12783}.Release|x64.ActiveCfg = Release|Any CPU
		{2B59FE98-BA07-4E37-BC03-8205E6D12783}.Release|x64.Build.0 = Release|Any CPU
		{2B59FE98-BA07-4E37-BC03-8205E6D12783}.Release|x86.ActiveCfg = Release|Any CPU
		{2B59FE98-BA07-4E37-BC03-8205E6D12783}.Release|x86.Build.0 = Release|Any CPU
		{B9DA748D-E1CA-4D21-93FB-F32FDC493007}.Debug|Any CPU.ActiveCfg = Debug|Any CPU
		{B9DA748D-E1CA-4D21-93FB-F32FDC493007}.Debug|Any CPU.Build.0 = Debug|Any CPU
		{B9DA748D-E1CA-4D21-93FB-F32FDC493007}.Debug|iPhone.ActiveCfg = Debug|Any CPU
		{B9DA748D-E1CA-4D21-93FB-F32FDC493007}.Debug|iPhone.Build.0 = Debug|Any CPU
		{B9DA748D-E1CA-4D21-93FB-F32FDC493007}.Debug|iPhoneSimulator.ActiveCfg = Debug|Any CPU
		{B9DA748D-E1CA-4D21-93FB-F32FDC493007}.Debug|iPhoneSimulator.Build.0 = Debug|Any CPU
		{B9DA748D-E1CA-4D21-93FB-F32FDC493007}.Debug|x64.ActiveCfg = Debug|Any CPU
		{B9DA748D-E1CA-4D21-93FB-F32FDC493007}.Debug|x64.Build.0 = Debug|Any CPU
		{B9DA748D-E1CA-4D21-93FB-F32FDC493007}.Debug|x86.ActiveCfg = Debug|Any CPU
		{B9DA748D-E1CA-4D21-93FB-F32FDC493007}.Debug|x86.Build.0 = Debug|Any CPU
		{B9DA748D-E1CA-4D21-93FB-F32FDC493007}.Release|Any CPU.ActiveCfg = Release|Any CPU
		{B9DA748D-E1CA-4D21-93FB-F32FDC493007}.Release|Any CPU.Build.0 = Release|Any CPU
		{B9DA748D-E1CA-4D21-93FB-F32FDC493007}.Release|iPhone.ActiveCfg = Release|Any CPU
		{B9DA748D-E1CA-4D21-93FB-F32FDC493007}.Release|iPhone.Build.0 = Release|Any CPU
		{B9DA748D-E1CA-4D21-93FB-F32FDC493007}.Release|iPhoneSimulator.ActiveCfg = Release|Any CPU
		{B9DA748D-E1CA-4D21-93FB-F32FDC493007}.Release|iPhoneSimulator.Build.0 = Release|Any CPU
		{B9DA748D-E1CA-4D21-93FB-F32FDC493007}.Release|x64.ActiveCfg = Release|Any CPU
		{B9DA748D-E1CA-4D21-93FB-F32FDC493007}.Release|x64.Build.0 = Release|Any CPU
		{B9DA748D-E1CA-4D21-93FB-F32FDC493007}.Release|x86.ActiveCfg = Release|Any CPU
		{B9DA748D-E1CA-4D21-93FB-F32FDC493007}.Release|x86.Build.0 = Release|Any CPU
		{8ACB0CA6-87FA-47CD-A503-4E53DB8FE48B}.Debug|Any CPU.ActiveCfg = Debug|Any CPU
		{8ACB0CA6-87FA-47CD-A503-4E53DB8FE48B}.Debug|Any CPU.Build.0 = Debug|Any CPU
		{8ACB0CA6-87FA-47CD-A503-4E53DB8FE48B}.Debug|iPhone.ActiveCfg = Debug|Any CPU
		{8ACB0CA6-87FA-47CD-A503-4E53DB8FE48B}.Debug|iPhone.Build.0 = Debug|Any CPU
		{8ACB0CA6-87FA-47CD-A503-4E53DB8FE48B}.Debug|iPhoneSimulator.ActiveCfg = Debug|Any CPU
		{8ACB0CA6-87FA-47CD-A503-4E53DB8FE48B}.Debug|iPhoneSimulator.Build.0 = Debug|Any CPU
		{8ACB0CA6-87FA-47CD-A503-4E53DB8FE48B}.Debug|x64.ActiveCfg = Debug|Any CPU
		{8ACB0CA6-87FA-47CD-A503-4E53DB8FE48B}.Debug|x64.Build.0 = Debug|Any CPU
		{8ACB0CA6-87FA-47CD-A503-4E53DB8FE48B}.Debug|x86.ActiveCfg = Debug|Any CPU
		{8ACB0CA6-87FA-47CD-A503-4E53DB8FE48B}.Debug|x86.Build.0 = Debug|Any CPU
		{8ACB0CA6-87FA-47CD-A503-4E53DB8FE48B}.Release|Any CPU.ActiveCfg = Release|Any CPU
		{8ACB0CA6-87FA-47CD-A503-4E53DB8FE48B}.Release|Any CPU.Build.0 = Release|Any CPU
		{8ACB0CA6-87FA-47CD-A503-4E53DB8FE48B}.Release|iPhone.ActiveCfg = Release|Any CPU
		{8ACB0CA6-87FA-47CD-A503-4E53DB8FE48B}.Release|iPhone.Build.0 = Release|Any CPU
		{8ACB0CA6-87FA-47CD-A503-4E53DB8FE48B}.Release|iPhoneSimulator.ActiveCfg = Release|Any CPU
		{8ACB0CA6-87FA-47CD-A503-4E53DB8FE48B}.Release|iPhoneSimulator.Build.0 = Release|Any CPU
		{8ACB0CA6-87FA-47CD-A503-4E53DB8FE48B}.Release|x64.ActiveCfg = Release|Any CPU
		{8ACB0CA6-87FA-47CD-A503-4E53DB8FE48B}.Release|x64.Build.0 = Release|Any CPU
		{8ACB0CA6-87FA-47CD-A503-4E53DB8FE48B}.Release|x86.ActiveCfg = Release|Any CPU
		{8ACB0CA6-87FA-47CD-A503-4E53DB8FE48B}.Release|x86.Build.0 = Release|Any CPU
		{EBF797BF-5AAA-4741-8B31-54D3B74811BC}.Debug|Any CPU.ActiveCfg = Debug|Any CPU
		{EBF797BF-5AAA-4741-8B31-54D3B74811BC}.Debug|Any CPU.Build.0 = Debug|Any CPU
		{EBF797BF-5AAA-4741-8B31-54D3B74811BC}.Debug|iPhone.ActiveCfg = Debug|Any CPU
		{EBF797BF-5AAA-4741-8B31-54D3B74811BC}.Debug|iPhone.Build.0 = Debug|Any CPU
		{EBF797BF-5AAA-4741-8B31-54D3B74811BC}.Debug|iPhoneSimulator.ActiveCfg = Debug|Any CPU
		{EBF797BF-5AAA-4741-8B31-54D3B74811BC}.Debug|iPhoneSimulator.Build.0 = Debug|Any CPU
		{EBF797BF-5AAA-4741-8B31-54D3B74811BC}.Debug|x64.ActiveCfg = Debug|Any CPU
		{EBF797BF-5AAA-4741-8B31-54D3B74811BC}.Debug|x64.Build.0 = Debug|Any CPU
		{EBF797BF-5AAA-4741-8B31-54D3B74811BC}.Debug|x86.ActiveCfg = Debug|Any CPU
		{EBF797BF-5AAA-4741-8B31-54D3B74811BC}.Debug|x86.Build.0 = Debug|Any CPU
		{EBF797BF-5AAA-4741-8B31-54D3B74811BC}.Release|Any CPU.ActiveCfg = Release|Any CPU
		{EBF797BF-5AAA-4741-8B31-54D3B74811BC}.Release|Any CPU.Build.0 = Release|Any CPU
		{EBF797BF-5AAA-4741-8B31-54D3B74811BC}.Release|iPhone.ActiveCfg = Release|Any CPU
		{EBF797BF-5AAA-4741-8B31-54D3B74811BC}.Release|iPhone.Build.0 = Release|Any CPU
		{EBF797BF-5AAA-4741-8B31-54D3B74811BC}.Release|iPhoneSimulator.ActiveCfg = Release|Any CPU
		{EBF797BF-5AAA-4741-8B31-54D3B74811BC}.Release|iPhoneSimulator.Build.0 = Release|Any CPU
		{EBF797BF-5AAA-4741-8B31-54D3B74811BC}.Release|x64.ActiveCfg = Release|Any CPU
		{EBF797BF-5AAA-4741-8B31-54D3B74811BC}.Release|x64.Build.0 = Release|Any CPU
		{EBF797BF-5AAA-4741-8B31-54D3B74811BC}.Release|x86.ActiveCfg = Release|Any CPU
		{EBF797BF-5AAA-4741-8B31-54D3B74811BC}.Release|x86.Build.0 = Release|Any CPU
		{FE76750C-4A2A-44BE-9C10-2AB952B543A4}.Debug|Any CPU.ActiveCfg = Debug|Any CPU
		{FE76750C-4A2A-44BE-9C10-2AB952B543A4}.Debug|Any CPU.Build.0 = Debug|Any CPU
		{FE76750C-4A2A-44BE-9C10-2AB952B543A4}.Debug|iPhone.ActiveCfg = Debug|Any CPU
		{FE76750C-4A2A-44BE-9C10-2AB952B543A4}.Debug|iPhone.Build.0 = Debug|Any CPU
		{FE76750C-4A2A-44BE-9C10-2AB952B543A4}.Debug|iPhoneSimulator.ActiveCfg = Debug|Any CPU
		{FE76750C-4A2A-44BE-9C10-2AB952B543A4}.Debug|iPhoneSimulator.Build.0 = Debug|Any CPU
		{FE76750C-4A2A-44BE-9C10-2AB952B543A4}.Debug|x64.ActiveCfg = Debug|Any CPU
		{FE76750C-4A2A-44BE-9C10-2AB952B543A4}.Debug|x64.Build.0 = Debug|Any CPU
		{FE76750C-4A2A-44BE-9C10-2AB952B543A4}.Debug|x86.ActiveCfg = Debug|Any CPU
		{FE76750C-4A2A-44BE-9C10-2AB952B543A4}.Debug|x86.Build.0 = Debug|Any CPU
		{FE76750C-4A2A-44BE-9C10-2AB952B543A4}.Release|Any CPU.ActiveCfg = Release|Any CPU
		{FE76750C-4A2A-44BE-9C10-2AB952B543A4}.Release|Any CPU.Build.0 = Release|Any CPU
		{FE76750C-4A2A-44BE-9C10-2AB952B543A4}.Release|iPhone.ActiveCfg = Release|Any CPU
		{FE76750C-4A2A-44BE-9C10-2AB952B543A4}.Release|iPhone.Build.0 = Release|Any CPU
		{FE76750C-4A2A-44BE-9C10-2AB952B543A4}.Release|iPhoneSimulator.ActiveCfg = Release|Any CPU
		{FE76750C-4A2A-44BE-9C10-2AB952B543A4}.Release|iPhoneSimulator.Build.0 = Release|Any CPU
		{FE76750C-4A2A-44BE-9C10-2AB952B543A4}.Release|x64.ActiveCfg = Release|Any CPU
		{FE76750C-4A2A-44BE-9C10-2AB952B543A4}.Release|x64.Build.0 = Release|Any CPU
		{FE76750C-4A2A-44BE-9C10-2AB952B543A4}.Release|x86.ActiveCfg = Release|Any CPU
		{FE76750C-4A2A-44BE-9C10-2AB952B543A4}.Release|x86.Build.0 = Release|Any CPU
		{45728065-D70D-4400-947C-A69171652ED9}.Debug|Any CPU.ActiveCfg = Debug|Any CPU
		{45728065-D70D-4400-947C-A69171652ED9}.Debug|Any CPU.Build.0 = Debug|Any CPU
		{45728065-D70D-4400-947C-A69171652ED9}.Debug|iPhone.ActiveCfg = Debug|Any CPU
		{45728065-D70D-4400-947C-A69171652ED9}.Debug|iPhone.Build.0 = Debug|Any CPU
		{45728065-D70D-4400-947C-A69171652ED9}.Debug|iPhoneSimulator.ActiveCfg = Debug|Any CPU
		{45728065-D70D-4400-947C-A69171652ED9}.Debug|iPhoneSimulator.Build.0 = Debug|Any CPU
		{45728065-D70D-4400-947C-A69171652ED9}.Debug|x64.ActiveCfg = Debug|Any CPU
		{45728065-D70D-4400-947C-A69171652ED9}.Debug|x64.Build.0 = Debug|Any CPU
		{45728065-D70D-4400-947C-A69171652ED9}.Debug|x86.ActiveCfg = Debug|Any CPU
		{45728065-D70D-4400-947C-A69171652ED9}.Debug|x86.Build.0 = Debug|Any CPU
		{45728065-D70D-4400-947C-A69171652ED9}.Release|Any CPU.ActiveCfg = Release|Any CPU
		{45728065-D70D-4400-947C-A69171652ED9}.Release|Any CPU.Build.0 = Release|Any CPU
		{45728065-D70D-4400-947C-A69171652ED9}.Release|iPhone.ActiveCfg = Release|Any CPU
		{45728065-D70D-4400-947C-A69171652ED9}.Release|iPhone.Build.0 = Release|Any CPU
		{45728065-D70D-4400-947C-A69171652ED9}.Release|iPhoneSimulator.ActiveCfg = Release|Any CPU
		{45728065-D70D-4400-947C-A69171652ED9}.Release|iPhoneSimulator.Build.0 = Release|Any CPU
		{45728065-D70D-4400-947C-A69171652ED9}.Release|x64.ActiveCfg = Release|Any CPU
		{45728065-D70D-4400-947C-A69171652ED9}.Release|x64.Build.0 = Release|Any CPU
		{45728065-D70D-4400-947C-A69171652ED9}.Release|x86.ActiveCfg = Release|Any CPU
		{45728065-D70D-4400-947C-A69171652ED9}.Release|x86.Build.0 = Release|Any CPU
		{AA70AE06-FF80-4B60-A36B-20BB04238121}.Debug|Any CPU.ActiveCfg = Debug|Any CPU
		{AA70AE06-FF80-4B60-A36B-20BB04238121}.Debug|Any CPU.Build.0 = Debug|Any CPU
		{AA70AE06-FF80-4B60-A36B-20BB04238121}.Debug|Any CPU.Deploy.0 = Debug|Any CPU
		{AA70AE06-FF80-4B60-A36B-20BB04238121}.Debug|iPhone.ActiveCfg = Debug|Any CPU
		{AA70AE06-FF80-4B60-A36B-20BB04238121}.Debug|iPhone.Build.0 = Debug|Any CPU
		{AA70AE06-FF80-4B60-A36B-20BB04238121}.Debug|iPhone.Deploy.0 = Debug|Any CPU
		{AA70AE06-FF80-4B60-A36B-20BB04238121}.Debug|iPhoneSimulator.ActiveCfg = Debug|Any CPU
		{AA70AE06-FF80-4B60-A36B-20BB04238121}.Debug|iPhoneSimulator.Build.0 = Debug|Any CPU
		{AA70AE06-FF80-4B60-A36B-20BB04238121}.Debug|iPhoneSimulator.Deploy.0 = Debug|Any CPU
		{AA70AE06-FF80-4B60-A36B-20BB04238121}.Debug|x64.ActiveCfg = Debug|Any CPU
		{AA70AE06-FF80-4B60-A36B-20BB04238121}.Debug|x64.Build.0 = Debug|Any CPU
		{AA70AE06-FF80-4B60-A36B-20BB04238121}.Debug|x64.Deploy.0 = Debug|Any CPU
		{AA70AE06-FF80-4B60-A36B-20BB04238121}.Debug|x86.ActiveCfg = Debug|Any CPU
		{AA70AE06-FF80-4B60-A36B-20BB04238121}.Debug|x86.Build.0 = Debug|Any CPU
		{AA70AE06-FF80-4B60-A36B-20BB04238121}.Debug|x86.Deploy.0 = Debug|Any CPU
		{AA70AE06-FF80-4B60-A36B-20BB04238121}.Release|Any CPU.ActiveCfg = Release|Any CPU
		{AA70AE06-FF80-4B60-A36B-20BB04238121}.Release|Any CPU.Build.0 = Release|Any CPU
		{AA70AE06-FF80-4B60-A36B-20BB04238121}.Release|Any CPU.Deploy.0 = Release|Any CPU
		{AA70AE06-FF80-4B60-A36B-20BB04238121}.Release|iPhone.ActiveCfg = Release|Any CPU
		{AA70AE06-FF80-4B60-A36B-20BB04238121}.Release|iPhone.Build.0 = Release|Any CPU
		{AA70AE06-FF80-4B60-A36B-20BB04238121}.Release|iPhone.Deploy.0 = Release|Any CPU
		{AA70AE06-FF80-4B60-A36B-20BB04238121}.Release|iPhoneSimulator.ActiveCfg = Release|Any CPU
		{AA70AE06-FF80-4B60-A36B-20BB04238121}.Release|iPhoneSimulator.Build.0 = Release|Any CPU
		{AA70AE06-FF80-4B60-A36B-20BB04238121}.Release|iPhoneSimulator.Deploy.0 = Release|Any CPU
		{AA70AE06-FF80-4B60-A36B-20BB04238121}.Release|x64.ActiveCfg = Release|Any CPU
		{AA70AE06-FF80-4B60-A36B-20BB04238121}.Release|x64.Build.0 = Release|Any CPU
		{AA70AE06-FF80-4B60-A36B-20BB04238121}.Release|x64.Deploy.0 = Release|Any CPU
		{AA70AE06-FF80-4B60-A36B-20BB04238121}.Release|x86.ActiveCfg = Release|Any CPU
		{AA70AE06-FF80-4B60-A36B-20BB04238121}.Release|x86.Build.0 = Release|Any CPU
		{AA70AE06-FF80-4B60-A36B-20BB04238121}.Release|x86.Deploy.0 = Release|Any CPU
		{76D7ED59-4C31-4CDA-955E-4E14770F2B27}.Debug|Any CPU.ActiveCfg = Debug|Any CPU
		{76D7ED59-4C31-4CDA-955E-4E14770F2B27}.Debug|Any CPU.Build.0 = Debug|Any CPU
		{76D7ED59-4C31-4CDA-955E-4E14770F2B27}.Debug|iPhone.ActiveCfg = Debug|Any CPU
		{76D7ED59-4C31-4CDA-955E-4E14770F2B27}.Debug|iPhone.Build.0 = Debug|Any CPU
		{76D7ED59-4C31-4CDA-955E-4E14770F2B27}.Debug|iPhoneSimulator.ActiveCfg = Debug|Any CPU
		{76D7ED59-4C31-4CDA-955E-4E14770F2B27}.Debug|iPhoneSimulator.Build.0 = Debug|Any CPU
		{76D7ED59-4C31-4CDA-955E-4E14770F2B27}.Debug|x64.ActiveCfg = Debug|Any CPU
		{76D7ED59-4C31-4CDA-955E-4E14770F2B27}.Debug|x64.Build.0 = Debug|Any CPU
		{76D7ED59-4C31-4CDA-955E-4E14770F2B27}.Debug|x86.ActiveCfg = Debug|Any CPU
		{76D7ED59-4C31-4CDA-955E-4E14770F2B27}.Debug|x86.Build.0 = Debug|Any CPU
		{76D7ED59-4C31-4CDA-955E-4E14770F2B27}.Release|Any CPU.ActiveCfg = Release|Any CPU
		{76D7ED59-4C31-4CDA-955E-4E14770F2B27}.Release|Any CPU.Build.0 = Release|Any CPU
		{76D7ED59-4C31-4CDA-955E-4E14770F2B27}.Release|iPhone.ActiveCfg = Release|Any CPU
		{76D7ED59-4C31-4CDA-955E-4E14770F2B27}.Release|iPhone.Build.0 = Release|Any CPU
		{76D7ED59-4C31-4CDA-955E-4E14770F2B27}.Release|iPhoneSimulator.ActiveCfg = Release|Any CPU
		{76D7ED59-4C31-4CDA-955E-4E14770F2B27}.Release|iPhoneSimulator.Build.0 = Release|Any CPU
		{76D7ED59-4C31-4CDA-955E-4E14770F2B27}.Release|x64.ActiveCfg = Release|Any CPU
		{76D7ED59-4C31-4CDA-955E-4E14770F2B27}.Release|x64.Build.0 = Release|Any CPU
		{76D7ED59-4C31-4CDA-955E-4E14770F2B27}.Release|x86.ActiveCfg = Release|Any CPU
		{76D7ED59-4C31-4CDA-955E-4E14770F2B27}.Release|x86.Build.0 = Release|Any CPU
		{7AA0DC77-3F0B-48F3-8EEB-F059BC884AD5}.Debug|Any CPU.ActiveCfg = Debug|Any CPU
		{7AA0DC77-3F0B-48F3-8EEB-F059BC884AD5}.Debug|Any CPU.Build.0 = Debug|Any CPU
		{7AA0DC77-3F0B-48F3-8EEB-F059BC884AD5}.Debug|iPhone.ActiveCfg = Debug|Any CPU
		{7AA0DC77-3F0B-48F3-8EEB-F059BC884AD5}.Debug|iPhone.Build.0 = Debug|Any CPU
		{7AA0DC77-3F0B-48F3-8EEB-F059BC884AD5}.Debug|iPhoneSimulator.ActiveCfg = Debug|Any CPU
		{7AA0DC77-3F0B-48F3-8EEB-F059BC884AD5}.Debug|iPhoneSimulator.Build.0 = Debug|Any CPU
		{7AA0DC77-3F0B-48F3-8EEB-F059BC884AD5}.Debug|x64.ActiveCfg = Debug|Any CPU
		{7AA0DC77-3F0B-48F3-8EEB-F059BC884AD5}.Debug|x64.Build.0 = Debug|Any CPU
		{7AA0DC77-3F0B-48F3-8EEB-F059BC884AD5}.Debug|x86.ActiveCfg = Debug|Any CPU
		{7AA0DC77-3F0B-48F3-8EEB-F059BC884AD5}.Debug|x86.Build.0 = Debug|Any CPU
		{7AA0DC77-3F0B-48F3-8EEB-F059BC884AD5}.Release|Any CPU.ActiveCfg = Release|Any CPU
		{7AA0DC77-3F0B-48F3-8EEB-F059BC884AD5}.Release|Any CPU.Build.0 = Release|Any CPU
		{7AA0DC77-3F0B-48F3-8EEB-F059BC884AD5}.Release|iPhone.ActiveCfg = Release|Any CPU
		{7AA0DC77-3F0B-48F3-8EEB-F059BC884AD5}.Release|iPhone.Build.0 = Release|Any CPU
		{7AA0DC77-3F0B-48F3-8EEB-F059BC884AD5}.Release|iPhoneSimulator.ActiveCfg = Release|Any CPU
		{7AA0DC77-3F0B-48F3-8EEB-F059BC884AD5}.Release|iPhoneSimulator.Build.0 = Release|Any CPU
		{7AA0DC77-3F0B-48F3-8EEB-F059BC884AD5}.Release|x64.ActiveCfg = Release|Any CPU
		{7AA0DC77-3F0B-48F3-8EEB-F059BC884AD5}.Release|x64.Build.0 = Release|Any CPU
		{7AA0DC77-3F0B-48F3-8EEB-F059BC884AD5}.Release|x86.ActiveCfg = Release|Any CPU
		{7AA0DC77-3F0B-48F3-8EEB-F059BC884AD5}.Release|x86.Build.0 = Release|Any CPU
	EndGlobalSection
	GlobalSection(SolutionProperties) = preSolution
		HideSolutionNode = FALSE
	EndGlobalSection
	GlobalSection(NestedProjects) = preSolution
		{0C77C2C2-0FA4-4881-B5DC-A01EC835A0B8} = {610C5EC5-598B-47FB-AE5B-46CC0119A84E}
		{2B59FE98-BA07-4E37-BC03-8205E6D12783} = {199D4AAE-1BA6-4652-83C2-D9C44F2D6118}
		{B9DA748D-E1CA-4D21-93FB-F32FDC493007} = {199D4AAE-1BA6-4652-83C2-D9C44F2D6118}
		{8ACB0CA6-87FA-47CD-A503-4E53DB8FE48B} = {610C5EC5-598B-47FB-AE5B-46CC0119A84E}
		{EBF797BF-5AAA-4741-8B31-54D3B74811BC} = {199D4AAE-1BA6-4652-83C2-D9C44F2D6118}
		{FE76750C-4A2A-44BE-9C10-2AB952B543A4} = {51C2B24A-E3C6-412C-8B6C-AEE39C496BA7}
		{45728065-D70D-4400-947C-A69171652ED9} = {51C2B24A-E3C6-412C-8B6C-AEE39C496BA7}
		{AA70AE06-FF80-4B60-A36B-20BB04238121} = {610C5EC5-598B-47FB-AE5B-46CC0119A84E}
		{76D7ED59-4C31-4CDA-955E-4E14770F2B27} = {199D4AAE-1BA6-4652-83C2-D9C44F2D6118}
		{7AA0DC77-3F0B-48F3-8EEB-F059BC884AD5} = {610C5EC5-598B-47FB-AE5B-46CC0119A84E}
	EndGlobalSection
	GlobalSection(ExtensibilityGlobals) = postSolution
		SolutionGuid = {22FDAE23-8E3E-4C6A-8F44-C7393EFE8D2C}
	EndGlobalSection
EndGlobal
