
Microsoft Visual Studio Solution File, Format Version 12.00
# Visual Studio Version 16
VisualStudioVersion = 16.0.30523.141
MinimumVisualStudioVersion = 15.0.26124.0
Project("{9A19103F-16F7-4668-BE54-9A1E7A4F7556}") = "Amusoft.PCR.Server", "Amusoft.PCR.Server\Amusoft.PCR.Server.csproj", "{0C77C2C2-0FA4-4881-B5DC-A01EC835A0B8}"
EndProject
Project("{9A19103F-16F7-4668-BE54-9A1E7A4F7556}") = "Amusoft.PCR.Model", "Amusoft.PCR.Model\Amusoft.PCR.Model.csproj", "{2B59FE98-BA07-4E37-BC03-8205E6D12783}"
EndProject
Project("{9A19103F-16F7-4668-BE54-9A1E7A4F7556}") = "Amusoft.PCR.Blazor", "Amusoft.PCR.Blazor\Amusoft.PCR.Blazor.csproj", "{B9DA748D-E1CA-4D21-93FB-F32FDC493007}"
EndProject
Project("{9A19103F-16F7-4668-BE54-9A1E7A4F7556}") = "Amusoft.PCR.Integration.WindowsDesktop", "Amusoft.PCR.Integration.WindowsDesktop\Amusoft.PCR.Integration.WindowsDesktop.csproj", "{8ACB0CA6-87FA-47CD-A503-4E53DB8FE48B}"
EndProject
Project("{9A19103F-16F7-4668-BE54-9A1E7A4F7556}") = "Amusoft.PCR.Grpc.Common", "Amusoft.PCR.Grpc.Common\Amusoft.PCR.Grpc.Common.csproj", "{EBF797BF-5AAA-4741-8B31-54D3B74811BC}"
EndProject
Project("{2150E333-8FDC-42A3-9474-1A3956D46DE8}") = "deploymentScripts", "deploymentScripts", "{DD935416-C8CA-41E9-A95F-6ED449B5198A}"
	ProjectSection(SolutionItems) = preProject
		..\deploy\buildAndCopy.ps1 = ..\deploy\buildAndCopy.ps1
		..\deploy\createSelfSignedCertificate.ps1 = ..\deploy\createSelfSignedCertificate.ps1
		..\deploy\installService.ps1 = ..\deploy\installService.ps1
	EndProjectSection
EndProject
Project("{FAE04EC0-301F-11D3-BF4B-00C04F79EFBC}") = "Amusoft.Toolkit.Impersonation", "Amusoft.Toolkit.Impersonation\Amusoft.Toolkit.Impersonation.csproj", "{FE76750C-4A2A-44BE-9C10-2AB952B543A4}"
EndProject
Project("{FAE04EC0-301F-11D3-BF4B-00C04F79EFBC}") = "Amusoft.PCR.Mobile.Android", "Amusoft.PCR.Mobile\Amusoft.PCR.Mobile.Android\Amusoft.PCR.Mobile.Android.csproj", "{4D8D4BEF-B293-4D8C-A57D-92E12B9D1823}"
EndProject
Project("{FAE04EC0-301F-11D3-BF4B-00C04F79EFBC}") = "Amusoft.PCR.Mobile.iOS", "Amusoft.PCR.Mobile\Amusoft.PCR.Mobile.iOS\Amusoft.PCR.Mobile.iOS.csproj", "{EBE101D1-678C-4C32-A828-82C0ECAEC121}"
EndProject
Project("{FAE04EC0-301F-11D3-BF4B-00C04F79EFBC}") = "Amusoft.PCR.Mobile", "Amusoft.PCR.Mobile\Amusoft.PCR.Mobile\Amusoft.PCR.Mobile.csproj", "{991BEA02-E86E-4C52-A7B0-3ED24CA76529}"
EndProject
Global
	GlobalSection(SolutionConfigurationPlatforms) = preSolution
		Debug|Any CPU = Debug|Any CPU
		Debug|iPhone = Debug|iPhone
		Debug|iPhoneSimulator = Debug|iPhoneSimulator
		Debug|x64 = Debug|x64
		Debug|x86 = Debug|x86
		Release|Any CPU = Release|Any CPU
		Release|iPhone = Release|iPhone
		Release|iPhoneSimulator = Release|iPhoneSimulator
		Release|x64 = Release|x64
		Release|x86 = Release|x86
	EndGlobalSection
	GlobalSection(ProjectConfigurationPlatforms) = postSolution
		{0C77C2C2-0FA4-4881-B5DC-A01EC835A0B8}.Debug|Any CPU.ActiveCfg = Debug|Any CPU
		{0C77C2C2-0FA4-4881-B5DC-A01EC835A0B8}.Debug|Any CPU.Build.0 = Debug|Any CPU
		{0C77C2C2-0FA4-4881-B5DC-A01EC835A0B8}.Debug|iPhone.ActiveCfg = Debug|Any CPU
		{0C77C2C2-0FA4-4881-B5DC-A01EC835A0B8}.Debug|iPhone.Build.0 = Debug|Any CPU
		{0C77C2C2-0FA4-4881-B5DC-A01EC835A0B8}.Debug|iPhoneSimulator.ActiveCfg = Debug|Any CPU
		{0C77C2C2-0FA4-4881-B5DC-A01EC835A0B8}.Debug|iPhoneSimulator.Build.0 = Debug|Any CPU
		{0C77C2C2-0FA4-4881-B5DC-A01EC835A0B8}.Debug|x64.ActiveCfg = Debug|Any CPU
		{0C77C2C2-0FA4-4881-B5DC-A01EC835A0B8}.Debug|x64.Build.0 = Debug|Any CPU
		{0C77C2C2-0FA4-4881-B5DC-A01EC835A0B8}.Debug|x86.ActiveCfg = Debug|Any CPU
		{0C77C2C2-0FA4-4881-B5DC-A01EC835A0B8}.Debug|x86.Build.0 = Debug|Any CPU
		{0C77C2C2-0FA4-4881-B5DC-A01EC835A0B8}.Release|Any CPU.ActiveCfg = Release|Any CPU
		{0C77C2C2-0FA4-4881-B5DC-A01EC835A0B8}.Release|Any CPU.Build.0 = Release|Any CPU
		{0C77C2C2-0FA4-4881-B5DC-A01EC835A0B8}.Release|iPhone.ActiveCfg = Release|Any CPU
		{0C77C2C2-0FA4-4881-B5DC-A01EC835A0B8}.Release|iPhone.Build.0 = Release|Any CPU
		{0C77C2C2-0FA4-4881-B5DC-A01EC835A0B8}.Release|iPhoneSimulator.ActiveCfg = Release|Any CPU
		{0C77C2C2-0FA4-4881-B5DC-A01EC835A0B8}.Release|iPhoneSimulator.Build.0 = Release|Any CPU
		{0C77C2C2-0FA4-4881-B5DC-A01EC835A0B8}.Release|x64.ActiveCfg = Release|Any CPU
		{0C77C2C2-0FA4-4881-B5DC-A01EC835A0B8}.Release|x64.Build.0 = Release|Any CPU
		{0C77C2C2-0FA4-4881-B5DC-A01EC835A0B8}.Release|x86.ActiveCfg = Release|Any CPU
		{0C77C2C2-0FA4-4881-B5DC-A01EC835A0B8}.Release|x86.Build.0 = Release|Any CPU
		{2B59FE98-BA07-4E37-BC03-8205E6D12783}.Debug|Any CPU.ActiveCfg = Debug|Any CPU
		{2B59FE98-BA07-4E37-BC03-8205E6D12783}.Debug|Any CPU.Build.0 = Debug|Any CPU
		{2B59FE98-BA07-4E37-BC03-8205E6D12783}.Debug|iPhone.ActiveCfg = Debug|Any CPU
		{2B59FE98-BA07-4E37-BC03-8205E6D12783}.Debug|iPhone.Build.0 = Debug|Any CPU
		{2B59FE98-BA07-4E37-BC03-8205E6D12783}.Debug|iPhoneSimulator.ActiveCfg = Debug|Any CPU
		{2B59FE98-BA07-4E37-BC03-8205E6D12783}.Debug|iPhoneSimulator.Build.0 = Debug|Any CPU
		{2B59FE98-BA07-4E37-BC03-8205E6D12783}.Debug|x64.ActiveCfg = Debug|Any CPU
		{2B59FE98-BA07-4E37-BC03-8205E6D12783}.Debug|x64.Build.0 = Debug|Any CPU
		{2B59FE98-BA07-4E37-BC03-8205E6D12783}.Debug|x86.ActiveCfg = Debug|Any CPU
		{2B59FE98-BA07-4E37-BC03-8205E6D12783}.Debug|x86.Build.0 = Debug|Any CPU
		{2B59FE98-BA07-4E37-BC03-8205E6D12783}.Release|Any CPU.ActiveCfg = Release|Any CPU
		{2B59FE98-BA07-4E37-BC03-8205E6D12783}.Release|Any CPU.Build.0 = Release|Any CPU
		{2B59FE98-BA07-4E37-BC03-8205E6D12783}.Release|iPhone.ActiveCfg = Release|Any CPU
		{2B59FE98-BA07-4E37-BC03-8205E6D12783}.Release|iPhone.Build.0 = Release|Any CPU
		{2B59FE98-BA07-4E37-BC03-8205E6D12783}.Release|iPhoneSimulator.ActiveCfg = Release|Any CPU
		{2B59FE98-BA07-4E37-BC03-8205E6D12783}.Release|iPhoneSimulator.Build.0 = Release|Any CPU
		{2B59FE98-BA07-4E37-BC03-8205E6D12783}.Release|x64.ActiveCfg = Release|Any CPU
		{2B59FE98-BA07-4E37-BC03-8205E6D12783}.Release|x64.Build.0 = Release|Any CPU
		{2B59FE98-BA07-4E37-BC03-8205E6D12783}.Release|x86.ActiveCfg = Release|Any CPU
		{2B59FE98-BA07-4E37-BC03-8205E6D12783}.Release|x86.Build.0 = Release|Any CPU
		{B9DA748D-E1CA-4D21-93FB-F32FDC493007}.Debug|Any CPU.ActiveCfg = Debug|Any CPU
		{B9DA748D-E1CA-4D21-93FB-F32FDC493007}.Debug|Any CPU.Build.0 = Debug|Any CPU
		{B9DA748D-E1CA-4D21-93FB-F32FDC493007}.Debug|iPhone.ActiveCfg = Debug|Any CPU
		{B9DA748D-E1CA-4D21-93FB-F32FDC493007}.Debug|iPhone.Build.0 = Debug|Any CPU
		{B9DA748D-E1CA-4D21-93FB-F32FDC493007}.Debug|iPhoneSimulator.ActiveCfg = Debug|Any CPU
		{B9DA748D-E1CA-4D21-93FB-F32FDC493007}.Debug|iPhoneSimulator.Build.0 = Debug|Any CPU
		{B9DA748D-E1CA-4D21-93FB-F32FDC493007}.Debug|x64.ActiveCfg = Debug|Any CPU
		{B9DA748D-E1CA-4D21-93FB-F32FDC493007}.Debug|x64.Build.0 = Debug|Any CPU
		{B9DA748D-E1CA-4D21-93FB-F32FDC493007}.Debug|x86.ActiveCfg = Debug|Any CPU
		{B9DA748D-E1CA-4D21-93FB-F32FDC493007}.Debug|x86.Build.0 = Debug|Any CPU
		{B9DA748D-E1CA-4D21-93FB-F32FDC493007}.Release|Any CPU.ActiveCfg = Release|Any CPU
		{B9DA748D-E1CA-4D21-93FB-F32FDC493007}.Release|Any CPU.Build.0 = Release|Any CPU
		{B9DA748D-E1CA-4D21-93FB-F32FDC493007}.Release|iPhone.ActiveCfg = Release|Any CPU
		{B9DA748D-E1CA-4D21-93FB-F32FDC493007}.Release|iPhone.Build.0 = Release|Any CPU
		{B9DA748D-E1CA-4D21-93FB-F32FDC493007}.Release|iPhoneSimulator.ActiveCfg = Release|Any CPU
		{B9DA748D-E1CA-4D21-93FB-F32FDC493007}.Release|iPhoneSimulator.Build.0 = Release|Any CPU
		{B9DA748D-E1CA-4D21-93FB-F32FDC493007}.Release|x64.ActiveCfg = Release|Any CPU
		{B9DA748D-E1CA-4D21-93FB-F32FDC493007}.Release|x64.Build.0 = Release|Any CPU
		{B9DA748D-E1CA-4D21-93FB-F32FDC493007}.Release|x86.ActiveCfg = Release|Any CPU
		{B9DA748D-E1CA-4D21-93FB-F32FDC493007}.Release|x86.Build.0 = Release|Any CPU
		{8ACB0CA6-87FA-47CD-A503-4E53DB8FE48B}.Debug|Any CPU.ActiveCfg = Debug|Any CPU
		{8ACB0CA6-87FA-47CD-A503-4E53DB8FE48B}.Debug|Any CPU.Build.0 = Debug|Any CPU
		{8ACB0CA6-87FA-47CD-A503-4E53DB8FE48B}.Debug|iPhone.ActiveCfg = Debug|Any CPU
		{8ACB0CA6-87FA-47CD-A503-4E53DB8FE48B}.Debug|iPhone.Build.0 = Debug|Any CPU
		{8ACB0CA6-87FA-47CD-A503-4E53DB8FE48B}.Debug|iPhoneSimulator.ActiveCfg = Debug|Any CPU
		{8ACB0CA6-87FA-47CD-A503-4E53DB8FE48B}.Debug|iPhoneSimulator.Build.0 = Debug|Any CPU
		{8ACB0CA6-87FA-47CD-A503-4E53DB8FE48B}.Debug|x64.ActiveCfg = Debug|Any CPU
		{8ACB0CA6-87FA-47CD-A503-4E53DB8FE48B}.Debug|x64.Build.0 = Debug|Any CPU
		{8ACB0CA6-87FA-47CD-A503-4E53DB8FE48B}.Debug|x86.ActiveCfg = Debug|Any CPU
		{8ACB0CA6-87FA-47CD-A503-4E53DB8FE48B}.Debug|x86.Build.0 = Debug|Any CPU
		{8ACB0CA6-87FA-47CD-A503-4E53DB8FE48B}.Release|Any CPU.ActiveCfg = Release|Any CPU
		{8ACB0CA6-87FA-47CD-A503-4E53DB8FE48B}.Release|Any CPU.Build.0 = Release|Any CPU
		{8ACB0CA6-87FA-47CD-A503-4E53DB8FE48B}.Release|iPhone.ActiveCfg = Release|Any CPU
		{8ACB0CA6-87FA-47CD-A503-4E53DB8FE48B}.Release|iPhone.Build.0 = Release|Any CPU
		{8ACB0CA6-87FA-47CD-A503-4E53DB8FE48B}.Release|iPhoneSimulator.ActiveCfg = Release|Any CPU
		{8ACB0CA6-87FA-47CD-A503-4E53DB8FE48B}.Release|iPhoneSimulator.Build.0 = Release|Any CPU
		{8ACB0CA6-87FA-47CD-A503-4E53DB8FE48B}.Release|x64.ActiveCfg = Release|Any CPU
		{8ACB0CA6-87FA-47CD-A503-4E53DB8FE48B}.Release|x64.Build.0 = Release|Any CPU
		{8ACB0CA6-87FA-47CD-A503-4E53DB8FE48B}.Release|x86.ActiveCfg = Release|Any CPU
		{8ACB0CA6-87FA-47CD-A503-4E53DB8FE48B}.Release|x86.Build.0 = Release|Any CPU
		{EBF797BF-5AAA-4741-8B31-54D3B74811BC}.Debug|Any CPU.ActiveCfg = Debug|Any CPU
		{EBF797BF-5AAA-4741-8B31-54D3B74811BC}.Debug|Any CPU.Build.0 = Debug|Any CPU
		{EBF797BF-5AAA-4741-8B31-54D3B74811BC}.Debug|iPhone.ActiveCfg = Debug|Any CPU
		{EBF797BF-5AAA-4741-8B31-54D3B74811BC}.Debug|iPhone.Build.0 = Debug|Any CPU
		{EBF797BF-5AAA-4741-8B31-54D3B74811BC}.Debug|iPhoneSimulator.ActiveCfg = Debug|Any CPU
		{EBF797BF-5AAA-4741-8B31-54D3B74811BC}.Debug|iPhoneSimulator.Build.0 = Debug|Any CPU
		{EBF797BF-5AAA-4741-8B31-54D3B74811BC}.Debug|x64.ActiveCfg = Debug|Any CPU
		{EBF797BF-5AAA-4741-8B31-54D3B74811BC}.Debug|x64.Build.0 = Debug|Any CPU
		{EBF797BF-5AAA-4741-8B31-54D3B74811BC}.Debug|x86.ActiveCfg = Debug|Any CPU
		{EBF797BF-5AAA-4741-8B31-54D3B74811BC}.Debug|x86.Build.0 = Debug|Any CPU
		{EBF797BF-5AAA-4741-8B31-54D3B74811BC}.Release|Any CPU.ActiveCfg = Release|Any CPU
		{EBF797BF-5AAA-4741-8B31-54D3B74811BC}.Release|Any CPU.Build.0 = Release|Any CPU
		{EBF797BF-5AAA-4741-8B31-54D3B74811BC}.Release|iPhone.ActiveCfg = Release|Any CPU
		{EBF797BF-5AAA-4741-8B31-54D3B74811BC}.Release|iPhone.Build.0 = Release|Any CPU
		{EBF797BF-5AAA-4741-8B31-54D3B74811BC}.Release|iPhoneSimulator.ActiveCfg = Release|Any CPU
		{EBF797BF-5AAA-4741-8B31-54D3B74811BC}.Release|iPhoneSimulator.Build.0 = Release|Any CPU
		{EBF797BF-5AAA-4741-8B31-54D3B74811BC}.Release|x64.ActiveCfg = Release|Any CPU
		{EBF797BF-5AAA-4741-8B31-54D3B74811BC}.Release|x64.Build.0 = Release|Any CPU
		{EBF797BF-5AAA-4741-8B31-54D3B74811BC}.Release|x86.ActiveCfg = Release|Any CPU
		{EBF797BF-5AAA-4741-8B31-54D3B74811BC}.Release|x86.Build.0 = Release|Any CPU
		{FE76750C-4A2A-44BE-9C10-2AB952B543A4}.Debug|Any CPU.ActiveCfg = Debug|Any CPU
		{FE76750C-4A2A-44BE-9C10-2AB952B543A4}.Debug|Any CPU.Build.0 = Debug|Any CPU
		{FE76750C-4A2A-44BE-9C10-2AB952B543A4}.Debug|iPhone.ActiveCfg = Debug|Any CPU
		{FE76750C-4A2A-44BE-9C10-2AB952B543A4}.Debug|iPhone.Build.0 = Debug|Any CPU
		{FE76750C-4A2A-44BE-9C10-2AB952B543A4}.Debug|iPhoneSimulator.ActiveCfg = Debug|Any CPU
		{FE76750C-4A2A-44BE-9C10-2AB952B543A4}.Debug|iPhoneSimulator.Build.0 = Debug|Any CPU
		{FE76750C-4A2A-44BE-9C10-2AB952B543A4}.Debug|x64.ActiveCfg = Debug|Any CPU
		{FE76750C-4A2A-44BE-9C10-2AB952B543A4}.Debug|x64.Build.0 = Debug|Any CPU
		{FE76750C-4A2A-44BE-9C10-2AB952B543A4}.Debug|x86.ActiveCfg = Debug|Any CPU
		{FE76750C-4A2A-44BE-9C10-2AB952B543A4}.Debug|x86.Build.0 = Debug|Any CPU
		{FE76750C-4A2A-44BE-9C10-2AB952B543A4}.Release|Any CPU.ActiveCfg = Release|Any CPU
		{FE76750C-4A2A-44BE-9C10-2AB952B543A4}.Release|Any CPU.Build.0 = Release|Any CPU
		{FE76750C-4A2A-44BE-9C10-2AB952B543A4}.Release|iPhone.ActiveCfg = Release|Any CPU
		{FE76750C-4A2A-44BE-9C10-2AB952B543A4}.Release|iPhone.Build.0 = Release|Any CPU
		{FE76750C-4A2A-44BE-9C10-2AB952B543A4}.Release|iPhoneSimulator.ActiveCfg = Release|Any CPU
		{FE76750C-4A2A-44BE-9C10-2AB952B543A4}.Release|iPhoneSimulator.Build.0 = Release|Any CPU
		{FE76750C-4A2A-44BE-9C10-2AB952B543A4}.Release|x64.ActiveCfg = Release|Any CPU
		{FE76750C-4A2A-44BE-9C10-2AB952B543A4}.Release|x64.Build.0 = Release|Any CPU
		{FE76750C-4A2A-44BE-9C10-2AB952B543A4}.Release|x86.ActiveCfg = Release|Any CPU
		{FE76750C-4A2A-44BE-9C10-2AB952B543A4}.Release|x86.Build.0 = Release|Any CPU
		{4D8D4BEF-B293-4D8C-A57D-92E12B9D1823}.Debug|Any CPU.ActiveCfg = Debug|Any CPU
		{4D8D4BEF-B293-4D8C-A57D-92E12B9D1823}.Debug|Any CPU.Build.0 = Debug|Any CPU
		{4D8D4BEF-B293-4D8C-A57D-92E12B9D1823}.Debug|Any CPU.Deploy.0 = Debug|Any CPU
		{4D8D4BEF-B293-4D8C-A57D-92E12B9D1823}.Debug|iPhone.ActiveCfg = Debug|Any CPU
		{4D8D4BEF-B293-4D8C-A57D-92E12B9D1823}.Debug|iPhone.Build.0 = Debug|Any CPU
		{4D8D4BEF-B293-4D8C-A57D-92E12B9D1823}.Debug|iPhone.Deploy.0 = Debug|Any CPU
		{4D8D4BEF-B293-4D8C-A57D-92E12B9D1823}.Debug|iPhoneSimulator.ActiveCfg = Debug|Any CPU
		{4D8D4BEF-B293-4D8C-A57D-92E12B9D1823}.Debug|iPhoneSimulator.Build.0 = Debug|Any CPU
		{4D8D4BEF-B293-4D8C-A57D-92E12B9D1823}.Debug|iPhoneSimulator.Deploy.0 = Debug|Any CPU
		{4D8D4BEF-B293-4D8C-A57D-92E12B9D1823}.Debug|x64.ActiveCfg = Debug|Any CPU
		{4D8D4BEF-B293-4D8C-A57D-92E12B9D1823}.Debug|x64.Build.0 = Debug|Any CPU
		{4D8D4BEF-B293-4D8C-A57D-92E12B9D1823}.Debug|x64.Deploy.0 = Debug|Any CPU
		{4D8D4BEF-B293-4D8C-A57D-92E12B9D1823}.Debug|x86.ActiveCfg = Debug|Any CPU
		{4D8D4BEF-B293-4D8C-A57D-92E12B9D1823}.Debug|x86.Build.0 = Debug|Any CPU
		{4D8D4BEF-B293-4D8C-A57D-92E12B9D1823}.Debug|x86.Deploy.0 = Debug|Any CPU
		{4D8D4BEF-B293-4D8C-A57D-92E12B9D1823}.Release|Any CPU.ActiveCfg = Release|Any CPU
		{4D8D4BEF-B293-4D8C-A57D-92E12B9D1823}.Release|Any CPU.Build.0 = Release|Any CPU
		{4D8D4BEF-B293-4D8C-A57D-92E12B9D1823}.Release|Any CPU.Deploy.0 = Release|Any CPU
		{4D8D4BEF-B293-4D8C-A57D-92E12B9D1823}.Release|iPhone.ActiveCfg = Release|Any CPU
		{4D8D4BEF-B293-4D8C-A57D-92E12B9D1823}.Release|iPhone.Build.0 = Release|Any CPU
		{4D8D4BEF-B293-4D8C-A57D-92E12B9D1823}.Release|iPhone.Deploy.0 = Release|Any CPU
		{4D8D4BEF-B293-4D8C-A57D-92E12B9D1823}.Release|iPhoneSimulator.ActiveCfg = Release|Any CPU
		{4D8D4BEF-B293-4D8C-A57D-92E12B9D1823}.Release|iPhoneSimulator.Build.0 = Release|Any CPU
		{4D8D4BEF-B293-4D8C-A57D-92E12B9D1823}.Release|iPhoneSimulator.Deploy.0 = Release|Any CPU
		{4D8D4BEF-B293-4D8C-A57D-92E12B9D1823}.Release|x64.ActiveCfg = Release|Any CPU
		{4D8D4BEF-B293-4D8C-A57D-92E12B9D1823}.Release|x64.Build.0 = Release|Any CPU
		{4D8D4BEF-B293-4D8C-A57D-92E12B9D1823}.Release|x64.Deploy.0 = Release|Any CPU
		{4D8D4BEF-B293-4D8C-A57D-92E12B9D1823}.Release|x86.ActiveCfg = Release|Any CPU
		{4D8D4BEF-B293-4D8C-A57D-92E12B9D1823}.Release|x86.Build.0 = Release|Any CPU
		{4D8D4BEF-B293-4D8C-A57D-92E12B9D1823}.Release|x86.Deploy.0 = Release|Any CPU
		{EBE101D1-678C-4C32-A828-82C0ECAEC121}.Debug|Any CPU.ActiveCfg = Debug|iPhoneSimulator
		{EBE101D1-678C-4C32-A828-82C0ECAEC121}.Debug|iPhone.ActiveCfg = Debug|iPhone
		{EBE101D1-678C-4C32-A828-82C0ECAEC121}.Debug|iPhone.Build.0 = Debug|iPhone
		{EBE101D1-678C-4C32-A828-82C0ECAEC121}.Debug|iPhoneSimulator.ActiveCfg = Debug|iPhoneSimulator
		{EBE101D1-678C-4C32-A828-82C0ECAEC121}.Debug|iPhoneSimulator.Build.0 = Debug|iPhoneSimulator
		{EBE101D1-678C-4C32-A828-82C0ECAEC121}.Debug|x64.ActiveCfg = Debug|iPhoneSimulator
		{EBE101D1-678C-4C32-A828-82C0ECAEC121}.Debug|x86.ActiveCfg = Debug|iPhoneSimulator
		{EBE101D1-678C-4C32-A828-82C0ECAEC121}.Release|Any CPU.ActiveCfg = Release|iPhoneSimulator
		{EBE101D1-678C-4C32-A828-82C0ECAEC121}.Release|iPhone.ActiveCfg = Release|iPhone
		{EBE101D1-678C-4C32-A828-82C0ECAEC121}.Release|iPhone.Build.0 = Release|iPhone
		{EBE101D1-678C-4C32-A828-82C0ECAEC121}.Release|iPhoneSimulator.ActiveCfg = Release|iPhoneSimulator
		{EBE101D1-678C-4C32-A828-82C0ECAEC121}.Release|iPhoneSimulator.Build.0 = Release|iPhoneSimulator
		{EBE101D1-678C-4C32-A828-82C0ECAEC121}.Release|x64.ActiveCfg = Release|iPhoneSimulator
		{EBE101D1-678C-4C32-A828-82C0ECAEC121}.Release|x86.ActiveCfg = Release|iPhoneSimulator
		{991BEA02-E86E-4C52-A7B0-3ED24CA76529}.Debug|Any CPU.ActiveCfg = Debug|Any CPU
		{991BEA02-E86E-4C52-A7B0-3ED24CA76529}.Debug|Any CPU.Build.0 = Debug|Any CPU
		{991BEA02-E86E-4C52-A7B0-3ED24CA76529}.Debug|iPhone.ActiveCfg = Debug|Any CPU
		{991BEA02-E86E-4C52-A7B0-3ED24CA76529}.Debug|iPhone.Build.0 = Debug|Any CPU
		{991BEA02-E86E-4C52-A7B0-3ED24CA76529}.Debug|iPhoneSimulator.ActiveCfg = Debug|Any CPU
		{991BEA02-E86E-4C52-A7B0-3ED24CA76529}.Debug|iPhoneSimulator.Build.0 = Debug|Any CPU
		{991BEA02-E86E-4C52-A7B0-3ED24CA76529}.Debug|x64.ActiveCfg = Debug|Any CPU
		{991BEA02-E86E-4C52-A7B0-3ED24CA76529}.Debug|x64.Build.0 = Debug|Any CPU
		{991BEA02-E86E-4C52-A7B0-3ED24CA76529}.Debug|x86.ActiveCfg = Debug|Any CPU
		{991BEA02-E86E-4C52-A7B0-3ED24CA76529}.Debug|x86.Build.0 = Debug|Any CPU
		{991BEA02-E86E-4C52-A7B0-3ED24CA76529}.Release|Any CPU.ActiveCfg = Release|Any CPU
		{991BEA02-E86E-4C52-A7B0-3ED24CA76529}.Release|Any CPU.Build.0 = Release|Any CPU
		{991BEA02-E86E-4C52-A7B0-3ED24CA76529}.Release|iPhone.ActiveCfg = Release|Any CPU
		{991BEA02-E86E-4C52-A7B0-3ED24CA76529}.Release|iPhone.Build.0 = Release|Any CPU
		{991BEA02-E86E-4C52-A7B0-3ED24CA76529}.Release|iPhoneSimulator.ActiveCfg = Release|Any CPU
		{991BEA02-E86E-4C52-A7B0-3ED24CA76529}.Release|iPhoneSimulator.Build.0 = Release|Any CPU
		{991BEA02-E86E-4C52-A7B0-3ED24CA76529}.Release|x64.ActiveCfg = Release|Any CPU
		{991BEA02-E86E-4C52-A7B0-3ED24CA76529}.Release|x64.Build.0 = Release|Any CPU
		{991BEA02-E86E-4C52-A7B0-3ED24CA76529}.Release|x86.ActiveCfg = Release|Any CPU
		{991BEA02-E86E-4C52-A7B0-3ED24CA76529}.Release|x86.Build.0 = Release|Any CPU
	EndGlobalSection
	GlobalSection(SolutionProperties) = preSolution
		HideSolutionNode = FALSE
	EndGlobalSection
	GlobalSection(ExtensibilityGlobals) = postSolution
		SolutionGuid = {22FDAE23-8E3E-4C6A-8F44-C7393EFE8D2C}
	EndGlobalSection
EndGlobal
